// !$*UTF8*$!
{
	archiveVersion = 1;
	classes = {
	};
	objectVersion = 56;
	objects = {

/* Begin PBXBuildFile section */
		18575D192C5229C900D3A3A2 /* ProfileView.swift in Sources */ = {isa = PBXBuildFile; fileRef = 18575D182C5229C900D3A3A2 /* ProfileView.swift */; };
		18575D1B2C522A2B00D3A3A2 /* User.swift in Sources */ = {isa = PBXBuildFile; fileRef = 18575D1A2C522A2B00D3A3A2 /* User.swift */; };
		18575D1D2C5233B500D3A3A2 /* RegisterResponse.swift in Sources */ = {isa = PBXBuildFile; fileRef = 18575D1C2C5233B500D3A3A2 /* RegisterResponse.swift */; };
		18575D1F2C5233C100D3A3A2 /* VerifyOTPResponse.swift in Sources */ = {isa = PBXBuildFile; fileRef = 18575D1E2C5233C100D3A3A2 /* VerifyOTPResponse.swift */; };
		186D963E2C4CB7BD008B17A4 /* AppDelegate.swift in Sources */ = {isa = PBXBuildFile; fileRef = 186D963D2C4CB7BD008B17A4 /* AppDelegate.swift */; };
		186D96402C4CB7BD008B17A4 /* SceneDelegate.swift in Sources */ = {isa = PBXBuildFile; fileRef = 186D963F2C4CB7BD008B17A4 /* SceneDelegate.swift */; };
		186D96422C4CB7BD008B17A4 /* ViewController.swift in Sources */ = {isa = PBXBuildFile; fileRef = 186D96412C4CB7BD008B17A4 /* ViewController.swift */; };
		186D96452C4CB7BD008B17A4 /* Base in Resources */ = {isa = PBXBuildFile; fileRef = 186D96442C4CB7BD008B17A4 /* Base */; };
		186D96472C4CB7BE008B17A4 /* Assets.xcassets in Resources */ = {isa = PBXBuildFile; fileRef = 186D96462C4CB7BE008B17A4 /* Assets.xcassets */; };
		186D964A2C4CB7BE008B17A4 /* Base in Resources */ = {isa = PBXBuildFile; fileRef = 186D96492C4CB7BE008B17A4 /* Base */; };
		186D965C2C4CB915008B17A4 /* LoginViewController.swift in Sources */ = {isa = PBXBuildFile; fileRef = 186D965B2C4CB915008B17A4 /* LoginViewController.swift */; };
		186D965E2C4CBC4C008B17A4 /* LoginView.swift in Sources */ = {isa = PBXBuildFile; fileRef = 186D965D2C4CBC4C008B17A4 /* LoginView.swift */; };
		186D96602C4CC31E008B17A4 /* WelcomeViewController.swift in Sources */ = {isa = PBXBuildFile; fileRef = 186D965F2C4CC31E008B17A4 /* WelcomeViewController.swift */; };
		186D96622C4CC32D008B17A4 /* WelcomeView.swift in Sources */ = {isa = PBXBuildFile; fileRef = 186D96612C4CC32D008B17A4 /* WelcomeView.swift */; };
		186D96642C4CC9EB008B17A4 /* RegisterViewController.swift in Sources */ = {isa = PBXBuildFile; fileRef = 186D96632C4CC9EB008B17A4 /* RegisterViewController.swift */; };
		18AE66942C4D53F00021202E /* MainViewController.swift in Sources */ = {isa = PBXBuildFile; fileRef = 18AE66932C4D53F00021202E /* MainViewController.swift */; };
		18AE66962C4D541E0021202E /* HomeViewController.swift in Sources */ = {isa = PBXBuildFile; fileRef = 18AE66952C4D541E0021202E /* HomeViewController.swift */; };
		18AE66982C4D54380021202E /* ProfileViewController.swift in Sources */ = {isa = PBXBuildFile; fileRef = 18AE66972C4D54380021202E /* ProfileViewController.swift */; };
		18AE669A2C4D54B00021202E /* FavoritesViewController.swift in Sources */ = {isa = PBXBuildFile; fileRef = 18AE66992C4D54B00021202E /* FavoritesViewController.swift */; };
		18AE669C2C4D56260021202E /* CreateViewController.swift in Sources */ = {isa = PBXBuildFile; fileRef = 18AE669B2C4D56260021202E /* CreateViewController.swift */; };
		18AE669E2C4D56330021202E /* SearchViewController.swift in Sources */ = {isa = PBXBuildFile; fileRef = 18AE669D2C4D56330021202E /* SearchViewController.swift */; };
		18AE66A12C4D57B90021202E /* ColorManager.swift in Sources */ = {isa = PBXBuildFile; fileRef = 18AE66A02C4D57B90021202E /* ColorManager.swift */; };
		18E02A5A2C50E9400093A694 /* APIService.swift in Sources */ = {isa = PBXBuildFile; fileRef = 18E02A592C50E9400093A694 /* APIService.swift */; };
		18E02A5D2C50E9820093A694 /* Constants.swift in Sources */ = {isa = PBXBuildFile; fileRef = 18E02A5C2C50E9820093A694 /* Constants.swift */; };
		18E02A5F2C50E9B40093A694 /* AuthService.swift in Sources */ = {isa = PBXBuildFile; fileRef = 18E02A5E2C50E9B40093A694 /* AuthService.swift */; };
		18E02A612C50E9DD0093A694 /* AuthManager.swift in Sources */ = {isa = PBXBuildFile; fileRef = 18E02A602C50E9DD0093A694 /* AuthManager.swift */; };
		18E02A632C50EA9E0093A694 /* LoginResponse.swift in Sources */ = {isa = PBXBuildFile; fileRef = 18E02A622C50EA9E0093A694 /* LoginResponse.swift */; };
		69EC3C4BDDC0A83ED82E7600 /* Pods_KhmerPodcastApp.framework in Frameworks */ = {isa = PBXBuildFile; fileRef = 40ABB6C83936751960401B21 /* Pods_KhmerPodcastApp.framework */; };
/* End PBXBuildFile section */

/* Begin PBXFileReference section */
		18575D182C5229C900D3A3A2 /* ProfileView.swift */ = {isa = PBXFileReference; lastKnownFileType = sourcecode.swift; path = ProfileView.swift; sourceTree = "<group>"; };
		18575D1A2C522A2B00D3A3A2 /* User.swift */ = {isa = PBXFileReference; lastKnownFileType = sourcecode.swift; path = User.swift; sourceTree = "<group>"; };
		18575D1C2C5233B500D3A3A2 /* RegisterResponse.swift */ = {isa = PBXFileReference; lastKnownFileType = sourcecode.swift; path = RegisterResponse.swift; sourceTree = "<group>"; };
		18575D1E2C5233C100D3A3A2 /* VerifyOTPResponse.swift */ = {isa = PBXFileReference; lastKnownFileType = sourcecode.swift; path = VerifyOTPResponse.swift; sourceTree = "<group>"; };
		186D963A2C4CB7BD008B17A4 /* KhmerPodcastApp.app */ = {isa = PBXFileReference; explicitFileType = wrapper.application; includeInIndex = 0; path = KhmerPodcastApp.app; sourceTree = BUILT_PRODUCTS_DIR; };
		186D963D2C4CB7BD008B17A4 /* AppDelegate.swift */ = {isa = PBXFileReference; lastKnownFileType = sourcecode.swift; path = AppDelegate.swift; sourceTree = "<group>"; };
		186D963F2C4CB7BD008B17A4 /* SceneDelegate.swift */ = {isa = PBXFileReference; lastKnownFileType = sourcecode.swift; path = SceneDelegate.swift; sourceTree = "<group>"; };
		186D96412C4CB7BD008B17A4 /* ViewController.swift */ = {isa = PBXFileReference; lastKnownFileType = sourcecode.swift; path = ViewController.swift; sourceTree = "<group>"; };
		186D96442C4CB7BD008B17A4 /* Base */ = {isa = PBXFileReference; lastKnownFileType = file.storyboard; name = Base; path = Base.lproj/Main.storyboard; sourceTree = "<group>"; };
		186D96462C4CB7BE008B17A4 /* Assets.xcassets */ = {isa = PBXFileReference; lastKnownFileType = folder.assetcatalog; path = Assets.xcassets; sourceTree = "<group>"; };
		186D96492C4CB7BE008B17A4 /* Base */ = {isa = PBXFileReference; lastKnownFileType = file.storyboard; name = Base; path = Base.lproj/LaunchScreen.storyboard; sourceTree = "<group>"; };
		186D964B2C4CB7BE008B17A4 /* Info.plist */ = {isa = PBXFileReference; lastKnownFileType = text.plist.xml; path = Info.plist; sourceTree = "<group>"; };
		186D965B2C4CB915008B17A4 /* LoginViewController.swift */ = {isa = PBXFileReference; lastKnownFileType = sourcecode.swift; path = LoginViewController.swift; sourceTree = "<group>"; };
		186D965D2C4CBC4C008B17A4 /* LoginView.swift */ = {isa = PBXFileReference; lastKnownFileType = sourcecode.swift; path = LoginView.swift; sourceTree = "<group>"; };
		186D965F2C4CC31E008B17A4 /* WelcomeViewController.swift */ = {isa = PBXFileReference; lastKnownFileType = sourcecode.swift; path = WelcomeViewController.swift; sourceTree = "<group>"; };
		186D96612C4CC32D008B17A4 /* WelcomeView.swift */ = {isa = PBXFileReference; lastKnownFileType = sourcecode.swift; path = WelcomeView.swift; sourceTree = "<group>"; };
		186D96632C4CC9EB008B17A4 /* RegisterViewController.swift */ = {isa = PBXFileReference; lastKnownFileType = sourcecode.swift; path = RegisterViewController.swift; sourceTree = "<group>"; };
		18AE66932C4D53F00021202E /* MainViewController.swift */ = {isa = PBXFileReference; lastKnownFileType = sourcecode.swift; path = MainViewController.swift; sourceTree = "<group>"; };
		18AE66952C4D541E0021202E /* HomeViewController.swift */ = {isa = PBXFileReference; lastKnownFileType = sourcecode.swift; path = HomeViewController.swift; sourceTree = "<group>"; };
		18AE66972C4D54380021202E /* ProfileViewController.swift */ = {isa = PBXFileReference; lastKnownFileType = sourcecode.swift; path = ProfileViewController.swift; sourceTree = "<group>"; };
		18AE66992C4D54B00021202E /* FavoritesViewController.swift */ = {isa = PBXFileReference; lastKnownFileType = sourcecode.swift; path = FavoritesViewController.swift; sourceTree = "<group>"; };
		18AE669B2C4D56260021202E /* CreateViewController.swift */ = {isa = PBXFileReference; lastKnownFileType = sourcecode.swift; path = CreateViewController.swift; sourceTree = "<group>"; };
		18AE669D2C4D56330021202E /* SearchViewController.swift */ = {isa = PBXFileReference; lastKnownFileType = sourcecode.swift; path = SearchViewController.swift; sourceTree = "<group>"; };
		18AE66A02C4D57B90021202E /* ColorManager.swift */ = {isa = PBXFileReference; lastKnownFileType = sourcecode.swift; path = ColorManager.swift; sourceTree = "<group>"; };
		18E02A592C50E9400093A694 /* APIService.swift */ = {isa = PBXFileReference; lastKnownFileType = sourcecode.swift; path = APIService.swift; sourceTree = "<group>"; };
		18E02A5C2C50E9820093A694 /* Constants.swift */ = {isa = PBXFileReference; lastKnownFileType = sourcecode.swift; path = Constants.swift; sourceTree = "<group>"; };
		18E02A5E2C50E9B40093A694 /* AuthService.swift */ = {isa = PBXFileReference; lastKnownFileType = sourcecode.swift; path = AuthService.swift; sourceTree = "<group>"; };
		18E02A602C50E9DD0093A694 /* AuthManager.swift */ = {isa = PBXFileReference; lastKnownFileType = sourcecode.swift; path = AuthManager.swift; sourceTree = "<group>"; };
		18E02A622C50EA9E0093A694 /* LoginResponse.swift */ = {isa = PBXFileReference; lastKnownFileType = sourcecode.swift; path = LoginResponse.swift; sourceTree = "<group>"; };
		40ABB6C83936751960401B21 /* Pods_KhmerPodcastApp.framework */ = {isa = PBXFileReference; explicitFileType = wrapper.framework; includeInIndex = 0; path = Pods_KhmerPodcastApp.framework; sourceTree = BUILT_PRODUCTS_DIR; };
		631C86F878CE153F1BCC9838 /* Pods-KhmerPodcastApp.debug.xcconfig */ = {isa = PBXFileReference; includeInIndex = 1; lastKnownFileType = text.xcconfig; name = "Pods-KhmerPodcastApp.debug.xcconfig"; path = "Target Support Files/Pods-KhmerPodcastApp/Pods-KhmerPodcastApp.debug.xcconfig"; sourceTree = "<group>"; };
		8062BFBDAAAF44D36EE538F3 /* Pods-KhmerPodcastApp.release.xcconfig */ = {isa = PBXFileReference; includeInIndex = 1; lastKnownFileType = text.xcconfig; name = "Pods-KhmerPodcastApp.release.xcconfig"; path = "Target Support Files/Pods-KhmerPodcastApp/Pods-KhmerPodcastApp.release.xcconfig"; sourceTree = "<group>"; };
/* End PBXFileReference section */

/* Begin PBXFrameworksBuildPhase section */
		186D96372C4CB7BD008B17A4 /* Frameworks */ = {
			isa = PBXFrameworksBuildPhase;
			buildActionMask = 2147483647;
			files = (
				69EC3C4BDDC0A83ED82E7600 /* Pods_KhmerPodcastApp.framework in Frameworks */,
			);
			runOnlyForDeploymentPostprocessing = 0;
		};
/* End PBXFrameworksBuildPhase section */

/* Begin PBXGroup section */
		186D96312C4CB7BD008B17A4 = {
			isa = PBXGroup;
			children = (
				186D963C2C4CB7BD008B17A4 /* KhmerPodcastApp */,
				186D963B2C4CB7BD008B17A4 /* Products */,
				4DA5CF69347603239E0172A8 /* Pods */,
				21E101434698E1B3F2B08DCC /* Frameworks */,
			);
			sourceTree = "<group>";
		};
		186D963B2C4CB7BD008B17A4 /* Products */ = {
			isa = PBXGroup;
			children = (
				186D963A2C4CB7BD008B17A4 /* KhmerPodcastApp.app */,
			);
			name = Products;
			sourceTree = "<group>";
		};
		186D963C2C4CB7BD008B17A4 /* KhmerPodcastApp */ = {
			isa = PBXGroup;
			children = (
				18E02A5B2C50E9710093A694 /* Utilities */,
				18AE669F2C4D57990021202E /* Helpers */,
				186D96582C4CB8DF008B17A4 /* Views */,
				186D96572C4CB8D5008B17A4 /* Controllers */,
				186D96562C4CB8D0008B17A4 /* Models */,
				186D96522C4CB893008B17A4 /* Services */,
				186D963D2C4CB7BD008B17A4 /* AppDelegate.swift */,
				186D963F2C4CB7BD008B17A4 /* SceneDelegate.swift */,
				186D96412C4CB7BD008B17A4 /* ViewController.swift */,
				186D96432C4CB7BD008B17A4 /* Main.storyboard */,
				186D96462C4CB7BE008B17A4 /* Assets.xcassets */,
				186D96482C4CB7BE008B17A4 /* LaunchScreen.storyboard */,
				186D964B2C4CB7BE008B17A4 /* Info.plist */,
			);
			path = KhmerPodcastApp;
			sourceTree = "<group>";
		};
		186D96522C4CB893008B17A4 /* Services */ = {
			isa = PBXGroup;
			children = (
				18E02A592C50E9400093A694 /* APIService.swift */,
				18E02A5E2C50E9B40093A694 /* AuthService.swift */,
			);
			path = Services;
			sourceTree = "<group>";
		};
		186D96562C4CB8D0008B17A4 /* Models */ = {
			isa = PBXGroup;
			children = (
				18E02A622C50EA9E0093A694 /* LoginResponse.swift */,
				18575D1A2C522A2B00D3A3A2 /* User.swift */,
				18575D1C2C5233B500D3A3A2 /* RegisterResponse.swift */,
				18575D1E2C5233C100D3A3A2 /* VerifyOTPResponse.swift */,
			);
			path = Models;
			sourceTree = "<group>";
		};
		186D96572C4CB8D5008B17A4 /* Controllers */ = {
			isa = PBXGroup;
			children = (
				186D96592C4CB8F5008B17A4 /* Auth */,
				186D965F2C4CC31E008B17A4 /* WelcomeViewController.swift */,
				18AE66932C4D53F00021202E /* MainViewController.swift */,
				18AE66952C4D541E0021202E /* HomeViewController.swift */,
				18AE66972C4D54380021202E /* ProfileViewController.swift */,
				18AE66992C4D54B00021202E /* FavoritesViewController.swift */,
				18AE669B2C4D56260021202E /* CreateViewController.swift */,
				18AE669D2C4D56330021202E /* SearchViewController.swift */,
			);
			path = Controllers;
			sourceTree = "<group>";
		};
		186D96582C4CB8DF008B17A4 /* Views */ = {
			isa = PBXGroup;
			children = (
				186D965D2C4CBC4C008B17A4 /* LoginView.swift */,
				186D96612C4CC32D008B17A4 /* WelcomeView.swift */,
				18575D182C5229C900D3A3A2 /* ProfileView.swift */,
			);
			path = Views;
			sourceTree = "<group>";
		};
		186D96592C4CB8F5008B17A4 /* Auth */ = {
			isa = PBXGroup;
			children = (
				186D965B2C4CB915008B17A4 /* LoginViewController.swift */,
				186D96632C4CC9EB008B17A4 /* RegisterViewController.swift */,
			);
			path = Auth;
			sourceTree = "<group>";
		};
		18AE669F2C4D57990021202E /* Helpers */ = {
			isa = PBXGroup;
			children = (
				18AE66A02C4D57B90021202E /* ColorManager.swift */,
				18E02A602C50E9DD0093A694 /* AuthManager.swift */,
			);
			path = Helpers;
			sourceTree = "<group>";
		};
		18E02A5B2C50E9710093A694 /* Utilities */ = {
			isa = PBXGroup;
			children = (
				18E02A5C2C50E9820093A694 /* Constants.swift */,
			);
			path = Utilities;
			sourceTree = "<group>";
		};
		21E101434698E1B3F2B08DCC /* Frameworks */ = {
			isa = PBXGroup;
			children = (
				40ABB6C83936751960401B21 /* Pods_KhmerPodcastApp.framework */,
			);
			name = Frameworks;
			sourceTree = "<group>";
		};
		4DA5CF69347603239E0172A8 /* Pods */ = {
			isa = PBXGroup;
			children = (
				631C86F878CE153F1BCC9838 /* Pods-KhmerPodcastApp.debug.xcconfig */,
				8062BFBDAAAF44D36EE538F3 /* Pods-KhmerPodcastApp.release.xcconfig */,
			);
			path = Pods;
			sourceTree = "<group>";
		};
/* End PBXGroup section */

/* Begin PBXNativeTarget section */
		186D96392C4CB7BD008B17A4 /* KhmerPodcastApp */ = {
			isa = PBXNativeTarget;
			buildConfigurationList = 186D964E2C4CB7BE008B17A4 /* Build configuration list for PBXNativeTarget "KhmerPodcastApp" */;
			buildPhases = (
				4F430FAFAFD79FB0F9D08D1C /* [CP] Check Pods Manifest.lock */,
				186D96362C4CB7BD008B17A4 /* Sources */,
				186D96372C4CB7BD008B17A4 /* Frameworks */,
				186D96382C4CB7BD008B17A4 /* Resources */,
				A0F2E2A64B0B50E8F32AA681 /* [CP] Embed Pods Frameworks */,
			);
			buildRules = (
			);
			dependencies = (
			);
			name = KhmerPodcastApp;
			productName = KhmerPodcastApp;
			productReference = 186D963A2C4CB7BD008B17A4 /* KhmerPodcastApp.app */;
			productType = "com.apple.product-type.application";
		};
/* End PBXNativeTarget section */

/* Begin PBXProject section */
		186D96322C4CB7BD008B17A4 /* Project object */ = {
			isa = PBXProject;
			attributes = {
				BuildIndependentTargetsInParallel = 1;
				LastSwiftUpdateCheck = 1540;
				LastUpgradeCheck = 1540;
				TargetAttributes = {
					186D96392C4CB7BD008B17A4 = {
						CreatedOnToolsVersion = 15.4;
					};
				};
			};
			buildConfigurationList = 186D96352C4CB7BD008B17A4 /* Build configuration list for PBXProject "KhmerPodcastApp" */;
			compatibilityVersion = "Xcode 14.0";
			developmentRegion = en;
			hasScannedForEncodings = 0;
			knownRegions = (
				en,
				Base,
			);
			mainGroup = 186D96312C4CB7BD008B17A4;
			productRefGroup = 186D963B2C4CB7BD008B17A4 /* Products */;
			projectDirPath = "";
			projectRoot = "";
			targets = (
				186D96392C4CB7BD008B17A4 /* KhmerPodcastApp */,
			);
		};
/* End PBXProject section */

/* Begin PBXResourcesBuildPhase section */
		186D96382C4CB7BD008B17A4 /* Resources */ = {
			isa = PBXResourcesBuildPhase;
			buildActionMask = 2147483647;
			files = (
				186D96472C4CB7BE008B17A4 /* Assets.xcassets in Resources */,
				186D964A2C4CB7BE008B17A4 /* Base in Resources */,
				186D96452C4CB7BD008B17A4 /* Base in Resources */,
			);
			runOnlyForDeploymentPostprocessing = 0;
		};
/* End PBXResourcesBuildPhase section */

/* Begin PBXShellScriptBuildPhase section */
		4F430FAFAFD79FB0F9D08D1C /* [CP] Check Pods Manifest.lock */ = {
			isa = PBXShellScriptBuildPhase;
			buildActionMask = 2147483647;
			files = (
			);
			inputFileListPaths = (
			);
			inputPaths = (
				"${PODS_PODFILE_DIR_PATH}/Podfile.lock",
				"${PODS_ROOT}/Manifest.lock",
			);
			name = "[CP] Check Pods Manifest.lock";
			outputFileListPaths = (
			);
			outputPaths = (
				"$(DERIVED_FILE_DIR)/Pods-KhmerPodcastApp-checkManifestLockResult.txt",
			);
			runOnlyForDeploymentPostprocessing = 0;
			shellPath = /bin/sh;
			shellScript = "diff \"${PODS_PODFILE_DIR_PATH}/Podfile.lock\" \"${PODS_ROOT}/Manifest.lock\" > /dev/null\nif [ $? != 0 ] ; then\n    # print error to STDERR\n    echo \"error: The sandbox is not in sync with the Podfile.lock. Run 'pod install' or update your CocoaPods installation.\" >&2\n    exit 1\nfi\n# This output is used by Xcode 'outputs' to avoid re-running this script phase.\necho \"SUCCESS\" > \"${SCRIPT_OUTPUT_FILE_0}\"\n";
			showEnvVarsInLog = 0;
		};
		A0F2E2A64B0B50E8F32AA681 /* [CP] Embed Pods Frameworks */ = {
			isa = PBXShellScriptBuildPhase;
			buildActionMask = 2147483647;
			files = (
			);
			inputFileListPaths = (
				"${PODS_ROOT}/Target Support Files/Pods-KhmerPodcastApp/Pods-KhmerPodcastApp-frameworks-${CONFIGURATION}-input-files.xcfilelist",
			);
			name = "[CP] Embed Pods Frameworks";
			outputFileListPaths = (
				"${PODS_ROOT}/Target Support Files/Pods-KhmerPodcastApp/Pods-KhmerPodcastApp-frameworks-${CONFIGURATION}-output-files.xcfilelist",
			);
			runOnlyForDeploymentPostprocessing = 0;
			shellPath = /bin/sh;
			shellScript = "\"${PODS_ROOT}/Target Support Files/Pods-KhmerPodcastApp/Pods-KhmerPodcastApp-frameworks.sh\"\n";
			showEnvVarsInLog = 0;
		};
/* End PBXShellScriptBuildPhase section */

/* Begin PBXSourcesBuildPhase section */
		186D96362C4CB7BD008B17A4 /* Sources */ = {
			isa = PBXSourcesBuildPhase;
			buildActionMask = 2147483647;
			files = (
				186D965C2C4CB915008B17A4 /* LoginViewController.swift in Sources */,
				18E02A5D2C50E9820093A694 /* Constants.swift in Sources */,
				186D96422C4CB7BD008B17A4 /* ViewController.swift in Sources */,
				18E02A5F2C50E9B40093A694 /* AuthService.swift in Sources */,
				18575D1D2C5233B500D3A3A2 /* RegisterResponse.swift in Sources */,
				186D963E2C4CB7BD008B17A4 /* AppDelegate.swift in Sources */,
				186D96642C4CC9EB008B17A4 /* RegisterViewController.swift in Sources */,
				186D96602C4CC31E008B17A4 /* WelcomeViewController.swift in Sources */,
				18AE66962C4D541E0021202E /* HomeViewController.swift in Sources */,
				18E02A5A2C50E9400093A694 /* APIService.swift in Sources */,
				18AE66A12C4D57B90021202E /* ColorManager.swift in Sources */,
				18575D1B2C522A2B00D3A3A2 /* User.swift in Sources */,
				18AE66982C4D54380021202E /* ProfileViewController.swift in Sources */,
				186D965E2C4CBC4C008B17A4 /* LoginView.swift in Sources */,
				18AE669E2C4D56330021202E /* SearchViewController.swift in Sources */,
				18AE66942C4D53F00021202E /* MainViewController.swift in Sources */,
				18E02A632C50EA9E0093A694 /* LoginResponse.swift in Sources */,
				18575D1F2C5233C100D3A3A2 /* VerifyOTPResponse.swift in Sources */,
				18E02A612C50E9DD0093A694 /* AuthManager.swift in Sources */,
				18AE669C2C4D56260021202E /* CreateViewController.swift in Sources */,
				186D96402C4CB7BD008B17A4 /* SceneDelegate.swift in Sources */,
				18AE669A2C4D54B00021202E /* FavoritesViewController.swift in Sources */,
				18575D192C5229C900D3A3A2 /* ProfileView.swift in Sources */,
				186D96622C4CC32D008B17A4 /* WelcomeView.swift in Sources */,
			);
			runOnlyForDeploymentPostprocessing = 0;
		};
/* End PBXSourcesBuildPhase section */

/* Begin PBXVariantGroup section */
		186D96432C4CB7BD008B17A4 /* Main.storyboard */ = {
			isa = PBXVariantGroup;
			children = (
				186D96442C4CB7BD008B17A4 /* Base */,
			);
			name = Main.storyboard;
			sourceTree = "<group>";
		};
		186D96482C4CB7BE008B17A4 /* LaunchScreen.storyboard */ = {
			isa = PBXVariantGroup;
			children = (
				186D96492C4CB7BE008B17A4 /* Base */,
			);
			name = LaunchScreen.storyboard;
			sourceTree = "<group>";
		};
/* End PBXVariantGroup section */

/* Begin XCBuildConfiguration section */
		186D964C2C4CB7BE008B17A4 /* Debug */ = {
			isa = XCBuildConfiguration;
			buildSettings = {
				ALWAYS_SEARCH_USER_PATHS = NO;
				ASSETCATALOG_COMPILER_GENERATE_SWIFT_ASSET_SYMBOL_EXTENSIONS = YES;
				CLANG_ANALYZER_NONNULL = YES;
				CLANG_ANALYZER_NUMBER_OBJECT_CONVERSION = YES_AGGRESSIVE;
				CLANG_CXX_LANGUAGE_STANDARD = "gnu++20";
				CLANG_ENABLE_MODULES = YES;
				CLANG_ENABLE_OBJC_ARC = YES;
				CLANG_ENABLE_OBJC_WEAK = YES;
				CLANG_WARN_BLOCK_CAPTURE_AUTORELEASING = YES;
				CLANG_WARN_BOOL_CONVERSION = YES;
				CLANG_WARN_COMMA = YES;
				CLANG_WARN_CONSTANT_CONVERSION = YES;
				CLANG_WARN_DEPRECATED_OBJC_IMPLEMENTATIONS = YES;
				CLANG_WARN_DIRECT_OBJC_ISA_USAGE = YES_ERROR;
				CLANG_WARN_DOCUMENTATION_COMMENTS = YES;
				CLANG_WARN_EMPTY_BODY = YES;
				CLANG_WARN_ENUM_CONVERSION = YES;
				CLANG_WARN_INFINITE_RECURSION = YES;
				CLANG_WARN_INT_CONVERSION = YES;
				CLANG_WARN_NON_LITERAL_NULL_CONVERSION = YES;
				CLANG_WARN_OBJC_IMPLICIT_RETAIN_SELF = YES;
				CLANG_WARN_OBJC_LITERAL_CONVERSION = YES;
				CLANG_WARN_OBJC_ROOT_CLASS = YES_ERROR;
				CLANG_WARN_QUOTED_INCLUDE_IN_FRAMEWORK_HEADER = YES;
				CLANG_WARN_RANGE_LOOP_ANALYSIS = YES;
				CLANG_WARN_STRICT_PROTOTYPES = YES;
				CLANG_WARN_SUSPICIOUS_MOVE = YES;
				CLANG_WARN_UNGUARDED_AVAILABILITY = YES_AGGRESSIVE;
				CLANG_WARN_UNREACHABLE_CODE = YES;
				CLANG_WARN__DUPLICATE_METHOD_MATCH = YES;
				COPY_PHASE_STRIP = NO;
				DEBUG_INFORMATION_FORMAT = dwarf;
				ENABLE_STRICT_OBJC_MSGSEND = YES;
				ENABLE_TESTABILITY = YES;
				ENABLE_USER_SCRIPT_SANDBOXING = YES;
				GCC_C_LANGUAGE_STANDARD = gnu17;
				GCC_DYNAMIC_NO_PIC = NO;
				GCC_NO_COMMON_BLOCKS = YES;
				GCC_OPTIMIZATION_LEVEL = 0;
				GCC_PREPROCESSOR_DEFINITIONS = (
					"DEBUG=1",
					"$(inherited)",
				);
				GCC_WARN_64_TO_32_BIT_CONVERSION = YES;
				GCC_WARN_ABOUT_RETURN_TYPE = YES_ERROR;
				GCC_WARN_UNDECLARED_SELECTOR = YES;
				GCC_WARN_UNINITIALIZED_AUTOS = YES_AGGRESSIVE;
				GCC_WARN_UNUSED_FUNCTION = YES;
				GCC_WARN_UNUSED_VARIABLE = YES;
				IPHONEOS_DEPLOYMENT_TARGET = 13.0;
				LOCALIZATION_PREFERS_STRING_CATALOGS = YES;
				MTL_ENABLE_DEBUG_INFO = INCLUDE_SOURCE;
				MTL_FAST_MATH = YES;
				ONLY_ACTIVE_ARCH = YES;
				SDKROOT = iphoneos;
				SWIFT_ACTIVE_COMPILATION_CONDITIONS = "DEBUG $(inherited)";
				SWIFT_OPTIMIZATION_LEVEL = "-Onone";
			};
			name = Debug;
		};
		186D964D2C4CB7BE008B17A4 /* Release */ = {
			isa = XCBuildConfiguration;
			buildSettings = {
				ALWAYS_SEARCH_USER_PATHS = NO;
				ASSETCATALOG_COMPILER_GENERATE_SWIFT_ASSET_SYMBOL_EXTENSIONS = YES;
				CLANG_ANALYZER_NONNULL = YES;
				CLANG_ANALYZER_NUMBER_OBJECT_CONVERSION = YES_AGGRESSIVE;
				CLANG_CXX_LANGUAGE_STANDARD = "gnu++20";
				CLANG_ENABLE_MODULES = YES;
				CLANG_ENABLE_OBJC_ARC = YES;
				CLANG_ENABLE_OBJC_WEAK = YES;
				CLANG_WARN_BLOCK_CAPTURE_AUTORELEASING = YES;
				CLANG_WARN_BOOL_CONVERSION = YES;
				CLANG_WARN_COMMA = YES;
				CLANG_WARN_CONSTANT_CONVERSION = YES;
				CLANG_WARN_DEPRECATED_OBJC_IMPLEMENTATIONS = YES;
				CLANG_WARN_DIRECT_OBJC_ISA_USAGE = YES_ERROR;
				CLANG_WARN_DOCUMENTATION_COMMENTS = YES;
				CLANG_WARN_EMPTY_BODY = YES;
				CLANG_WARN_ENUM_CONVERSION = YES;
				CLANG_WARN_INFINITE_RECURSION = YES;
				CLANG_WARN_INT_CONVERSION = YES;
				CLANG_WARN_NON_LITERAL_NULL_CONVERSION = YES;
				CLANG_WARN_OBJC_IMPLICIT_RETAIN_SELF = YES;
				CLANG_WARN_OBJC_LITERAL_CONVERSION = YES;
				CLANG_WARN_OBJC_ROOT_CLASS = YES_ERROR;
				CLANG_WARN_QUOTED_INCLUDE_IN_FRAMEWORK_HEADER = YES;
				CLANG_WARN_RANGE_LOOP_ANALYSIS = YES;
				CLANG_WARN_STRICT_PROTOTYPES = YES;
				CLANG_WARN_SUSPICIOUS_MOVE = YES;
				CLANG_WARN_UNGUARDED_AVAILABILITY = YES_AGGRESSIVE;
				CLANG_WARN_UNREACHABLE_CODE = YES;
				CLANG_WARN__DUPLICATE_METHOD_MATCH = YES;
				COPY_PHASE_STRIP = NO;
				DEBUG_INFORMATION_FORMAT = "dwarf-with-dsym";
				ENABLE_NS_ASSERTIONS = NO;
				ENABLE_STRICT_OBJC_MSGSEND = YES;
				ENABLE_USER_SCRIPT_SANDBOXING = YES;
				GCC_C_LANGUAGE_STANDARD = gnu17;
				GCC_NO_COMMON_BLOCKS = YES;
				GCC_WARN_64_TO_32_BIT_CONVERSION = YES;
				GCC_WARN_ABOUT_RETURN_TYPE = YES_ERROR;
				GCC_WARN_UNDECLARED_SELECTOR = YES;
				GCC_WARN_UNINITIALIZED_AUTOS = YES_AGGRESSIVE;
				GCC_WARN_UNUSED_FUNCTION = YES;
				GCC_WARN_UNUSED_VARIABLE = YES;
				IPHONEOS_DEPLOYMENT_TARGET = 13.0;
				LOCALIZATION_PREFERS_STRING_CATALOGS = YES;
				MTL_ENABLE_DEBUG_INFO = NO;
				MTL_FAST_MATH = YES;
				SDKROOT = iphoneos;
				SWIFT_COMPILATION_MODE = wholemodule;
				VALIDATE_PRODUCT = YES;
			};
			name = Release;
		};
		186D964F2C4CB7BE008B17A4 /* Debug */ = {
			isa = XCBuildConfiguration;
			baseConfigurationReference = 631C86F878CE153F1BCC9838 /* Pods-KhmerPodcastApp.debug.xcconfig */;
			buildSettings = {
				ASSETCATALOG_COMPILER_APPICON_NAME = AppIcon;
				ASSETCATALOG_COMPILER_GLOBAL_ACCENT_COLOR_NAME = AccentColor;
				CODE_SIGN_STYLE = Automatic;
				CURRENT_PROJECT_VERSION = 1;
				ENABLE_USER_SCRIPT_SANDBOXING = NO;
				GENERATE_INFOPLIST_FILE = YES;
				INFOPLIST_FILE = KhmerPodcastApp/Info.plist;
				INFOPLIST_KEY_UIApplicationSupportsIndirectInputEvents = YES;
				INFOPLIST_KEY_UILaunchStoryboardName = LaunchScreen;
				INFOPLIST_KEY_UIMainStoryboardFile = Main;
				INFOPLIST_KEY_UISupportedInterfaceOrientations_iPad = "UIInterfaceOrientationPortrait UIInterfaceOrientationPortraitUpsideDown UIInterfaceOrientationLandscapeLeft UIInterfaceOrientationLandscapeRight";
				INFOPLIST_KEY_UISupportedInterfaceOrientations_iPhone = "UIInterfaceOrientationPortrait UIInterfaceOrientationLandscapeLeft UIInterfaceOrientationLandscapeRight";
				LD_RUNPATH_SEARCH_PATHS = (
					"$(inherited)",
					"@executable_path/Frameworks",
				);
				MARKETING_VERSION = 1.0;
				PRODUCT_BUNDLE_IDENTIFIER = com.KhmerPodcastApp;
				PRODUCT_NAME = "$(TARGET_NAME)";
				SWIFT_EMIT_LOC_STRINGS = YES;
				SWIFT_VERSION = 5.0;
				TARGETED_DEVICE_FAMILY = "1,2";
			};
			name = Debug;
		};
		186D96502C4CB7BE008B17A4 /* Release */ = {
			isa = XCBuildConfiguration;
			baseConfigurationReference = 8062BFBDAAAF44D36EE538F3 /* Pods-KhmerPodcastApp.release.xcconfig */;
			buildSettings = {
				ASSETCATALOG_COMPILER_APPICON_NAME = AppIcon;
				ASSETCATALOG_COMPILER_GLOBAL_ACCENT_COLOR_NAME = AccentColor;
				CODE_SIGN_STYLE = Automatic;
				CURRENT_PROJECT_VERSION = 1;
				ENABLE_USER_SCRIPT_SANDBOXING = NO;
				GENERATE_INFOPLIST_FILE = YES;
				INFOPLIST_FILE = KhmerPodcastApp/Info.plist;
				INFOPLIST_KEY_UIApplicationSupportsIndirectInputEvents = YES;
				INFOPLIST_KEY_UILaunchStoryboardName = LaunchScreen;
				INFOPLIST_KEY_UIMainStoryboardFile = Main;
				INFOPLIST_KEY_UISupportedInterfaceOrientations_iPad = "UIInterfaceOrientationPortrait UIInterfaceOrientationPortraitUpsideDown UIInterfaceOrientationLandscapeLeft UIInterfaceOrientationLandscapeRight";
				INFOPLIST_KEY_UISupportedInterfaceOrientations_iPhone = "UIInterfaceOrientationPortrait UIInterfaceOrientationLandscapeLeft UIInterfaceOrientationLandscapeRight";
				LD_RUNPATH_SEARCH_PATHS = (
					"$(inherited)",
					"@executable_path/Frameworks",
				);
				MARKETING_VERSION = 1.0;
				PRODUCT_BUNDLE_IDENTIFIER = com.KhmerPodcastApp;
				PRODUCT_NAME = "$(TARGET_NAME)";
				SWIFT_EMIT_LOC_STRINGS = YES;
				SWIFT_VERSION = 5.0;
				TARGETED_DEVICE_FAMILY = "1,2";
			};
			name = Release;
		};
/* End XCBuildConfiguration section */

/* Begin XCConfigurationList section */
		186D96352C4CB7BD008B17A4 /* Build configuration list for PBXProject "KhmerPodcastApp" */ = {
			isa = XCConfigurationList;
			buildConfigurations = (
				186D964C2C4CB7BE008B17A4 /* Debug */,
				186D964D2C4CB7BE008B17A4 /* Release */,
			);
			defaultConfigurationIsVisible = 0;
			defaultConfigurationName = Release;
		};
		186D964E2C4CB7BE008B17A4 /* Build configuration list for PBXNativeTarget "KhmerPodcastApp" */ = {
			isa = XCConfigurationList;
			buildConfigurations = (
				186D964F2C4CB7BE008B17A4 /* Debug */,
				186D96502C4CB7BE008B17A4 /* Release */,
			);
			defaultConfigurationIsVisible = 0;
			defaultConfigurationName = Release;
		};
/* End XCConfigurationList section */
	};
	rootObject = 186D96322C4CB7BD008B17A4 /* Project object */;
}
